
Microsoft Visual Studio Solution File, Format Version 12.00
# Visual Studio 15
Project("{FAE04EC0-301F-11D3-BF4B-00C04F79EFBC}") = "Assembly-CSharp", "Assembly-CSharp.csproj", "{B20DB1B9-9F46-999A-3B15-252C629A0EB5}"
EndProject
Project("{FAE04EC0-301F-11D3-BF4B-00C04F79EFBC}") = "Assembly-CSharp-Editor", "Assembly-CSharp-Editor.csproj", "{A8FA8315-F8C9-55DE-047D-770E50C31EF9}"
EndProject
Global
	GlobalSection(SolutionConfigurationPlatforms) = preSolution
		Debug|Any CPU = Debug|Any CPU
		Release|Any CPU = Release|Any CPU
	EndGlobalSection
	GlobalSection(ProjectConfigurationPlatforms) = postSolution
		{B20DB1B9-9F46-999A-3B15-252C629A0EB5}.Debug|Any CPU.ActiveCfg = Debug|Any CPU
		{B20DB1B9-9F46-999A-3B15-252C629A0EB5}.Debug|Any CPU.Build.0 = Debug|Any CPU
		{B20DB1B9-9F46-999A-3B15-252C629A0EB5}.Release|Any CPU.ActiveCfg = Release|Any CPU
		{B20DB1B9-9F46-999A-3B15-252C629A0EB5}.Release|Any CPU.Build.0 = Release|Any CPU
		{A8FA8315-F8C9-55DE-047D-770E50C31EF9}.Debug|Any CPU.ActiveCfg = Debug|Any CPU
		{A8FA8315-F8C9-55DE-047D-770E50C31EF9}.Debug|Any CPU.Build.0 = Debug|Any CPU
		{A8FA8315-F8C9-55DE-047D-770E50C31EF9}.Release|Any CPU.ActiveCfg = Release|Any CPU
		{A8FA8315-F8C9-55DE-047D-770E50C31EF9}.Release|Any CPU.Build.0 = Release|Any CPU
	EndGlobalSection
	GlobalSection(SolutionProperties) = preSolution
		HideSolutionNode = FALSE
	EndGlobalSection
EndGlobal
